// !$*UTF8*$!
{
	archiveVersion = 1;
	classes = {
	};
	objectVersion = 50;
	objects = {

/* Begin PBXBuildFile section */
		46EA19FA231A257D002CAACD /* AppDelegate.swift in Sources */ = {isa = PBXBuildFile; fileRef = 46EA19F9231A257D002CAACD /* AppDelegate.swift */; };
		46EA1A01231A257D002CAACD /* Assets.xcassets in Resources */ = {isa = PBXBuildFile; fileRef = 46EA1A00231A257D002CAACD /* Assets.xcassets */; };
		46EA1A04231A257D002CAACD /* LaunchScreen.storyboard in Resources */ = {isa = PBXBuildFile; fileRef = 46EA1A02231A257D002CAACD /* LaunchScreen.storyboard */; };
		46EA1A0F231A257E002CAACD /* ZenjobTests.swift in Sources */ = {isa = PBXBuildFile; fileRef = 46EA1A0E231A257E002CAACD /* ZenjobTests.swift */; };
		46EA1A1A231A257E002CAACD /* ZenjobUITests.swift in Sources */ = {isa = PBXBuildFile; fileRef = 46EA1A19231A257E002CAACD /* ZenjobUITests.swift */; };
		46EA1A32231A3D75002CAACD /* User.swift in Sources */ = {isa = PBXBuildFile; fileRef = 46EA1A31231A3D75002CAACD /* User.swift */; };
		46EA1A34231A3DA6002CAACD /* Offer.swift in Sources */ = {isa = PBXBuildFile; fileRef = 46EA1A33231A3DA6002CAACD /* Offer.swift */; };
		46EA1A36231A3DB4002CAACD /* Location.swift in Sources */ = {isa = PBXBuildFile; fileRef = 46EA1A35231A3DB4002CAACD /* Location.swift */; };
		46EA1A38231A3DC3002CAACD /* Shift.swift in Sources */ = {isa = PBXBuildFile; fileRef = 46EA1A37231A3DC3002CAACD /* Shift.swift */; };
		46EA1A3A231A3DD2002CAACD /* PricingTable.swift in Sources */ = {isa = PBXBuildFile; fileRef = 46EA1A39231A3DD2002CAACD /* PricingTable.swift */; };
		46EA1A3C231A3DE0002CAACD /* BreakType.swift in Sources */ = {isa = PBXBuildFile; fileRef = 46EA1A3B231A3DE0002CAACD /* BreakType.swift */; };
		46EA1A3E231A3E41002CAACD /* Request.swift in Sources */ = {isa = PBXBuildFile; fileRef = 46EA1A3D231A3E41002CAACD /* Request.swift */; };
		46EA1A40231A3E91002CAACD /* Response.swift in Sources */ = {isa = PBXBuildFile; fileRef = 46EA1A3F231A3E91002CAACD /* Response.swift */; };
		46EA1A42231A3EA8002CAACD /* Environment.swift in Sources */ = {isa = PBXBuildFile; fileRef = 46EA1A41231A3EA8002CAACD /* Environment.swift */; };
		46EA1A44231A3EC8002CAACD /* Dispatcher.swift in Sources */ = {isa = PBXBuildFile; fileRef = 46EA1A43231A3EC8002CAACD /* Dispatcher.swift */; };
		46EA1A46231A3EE0002CAACD /* Operation.swift in Sources */ = {isa = PBXBuildFile; fileRef = 46EA1A45231A3EE0002CAACD /* Operation.swift */; };
		46EA1A48231A3F3E002CAACD /* NetworkDispatcher.swift in Sources */ = {isa = PBXBuildFile; fileRef = 46EA1A47231A3F3E002CAACD /* NetworkDispatcher.swift */; };
		46EA1A53231A4325002CAACD /* UserRequests.swift in Sources */ = {isa = PBXBuildFile; fileRef = 46EA1A52231A4325002CAACD /* UserRequests.swift */; };
		46EA1A55231A4338002CAACD /* LoginTask.swift in Sources */ = {isa = PBXBuildFile; fileRef = 46EA1A54231A4338002CAACD /* LoginTask.swift */; };
		46EA1A57231A4353002CAACD /* OfferRequests.swift in Sources */ = {isa = PBXBuildFile; fileRef = 46EA1A56231A4353002CAACD /* OfferRequests.swift */; };
		46EA1A59231A4367002CAACD /* GetOffersTask.swift in Sources */ = {isa = PBXBuildFile; fileRef = 46EA1A58231A4367002CAACD /* GetOffersTask.swift */; };
		46EA1A5B231A438B002CAACD /* GetOfferTask.swift in Sources */ = {isa = PBXBuildFile; fileRef = 46EA1A5A231A438B002CAACD /* GetOfferTask.swift */; };
/* End PBXBuildFile section */

/* Begin PBXContainerItemProxy section */
		46EA1A0B231A257E002CAACD /* PBXContainerItemProxy */ = {
			isa = PBXContainerItemProxy;
			containerPortal = 46EA19EE231A257D002CAACD /* Project object */;
			proxyType = 1;
			remoteGlobalIDString = 46EA19F5231A257D002CAACD;
			remoteInfo = Zenjob;
		};
		46EA1A16231A257E002CAACD /* PBXContainerItemProxy */ = {
			isa = PBXContainerItemProxy;
			containerPortal = 46EA19EE231A257D002CAACD /* Project object */;
			proxyType = 1;
			remoteGlobalIDString = 46EA19F5231A257D002CAACD;
			remoteInfo = Zenjob;
		};
/* End PBXContainerItemProxy section */

/* Begin PBXFileReference section */
		46EA19F6231A257D002CAACD /* Zenjob.app */ = {isa = PBXFileReference; explicitFileType = wrapper.application; includeInIndex = 0; path = Zenjob.app; sourceTree = BUILT_PRODUCTS_DIR; };
		46EA19F9231A257D002CAACD /* AppDelegate.swift */ = {isa = PBXFileReference; lastKnownFileType = sourcecode.swift; path = AppDelegate.swift; sourceTree = "<group>"; };
		46EA1A00231A257D002CAACD /* Assets.xcassets */ = {isa = PBXFileReference; lastKnownFileType = folder.assetcatalog; path = Assets.xcassets; sourceTree = "<group>"; };
		46EA1A03231A257D002CAACD /* Base */ = {isa = PBXFileReference; lastKnownFileType = file.storyboard; name = Base; path = Base.lproj/LaunchScreen.storyboard; sourceTree = "<group>"; };
		46EA1A05231A257D002CAACD /* Info.plist */ = {isa = PBXFileReference; lastKnownFileType = text.plist.xml; path = Info.plist; sourceTree = "<group>"; };
		46EA1A0A231A257E002CAACD /* ZenjobTests.xctest */ = {isa = PBXFileReference; explicitFileType = wrapper.cfbundle; includeInIndex = 0; path = ZenjobTests.xctest; sourceTree = BUILT_PRODUCTS_DIR; };
		46EA1A0E231A257E002CAACD /* ZenjobTests.swift */ = {isa = PBXFileReference; lastKnownFileType = sourcecode.swift; path = ZenjobTests.swift; sourceTree = "<group>"; };
		46EA1A10231A257E002CAACD /* Info.plist */ = {isa = PBXFileReference; lastKnownFileType = text.plist.xml; path = Info.plist; sourceTree = "<group>"; };
		46EA1A15231A257E002CAACD /* ZenjobUITests.xctest */ = {isa = PBXFileReference; explicitFileType = wrapper.cfbundle; includeInIndex = 0; path = ZenjobUITests.xctest; sourceTree = BUILT_PRODUCTS_DIR; };
		46EA1A19231A257E002CAACD /* ZenjobUITests.swift */ = {isa = PBXFileReference; lastKnownFileType = sourcecode.swift; path = ZenjobUITests.swift; sourceTree = "<group>"; };
		46EA1A1B231A257E002CAACD /* Info.plist */ = {isa = PBXFileReference; lastKnownFileType = text.plist.xml; path = Info.plist; sourceTree = "<group>"; };
		46EA1A31231A3D75002CAACD /* User.swift */ = {isa = PBXFileReference; lastKnownFileType = sourcecode.swift; path = User.swift; sourceTree = "<group>"; };
		46EA1A33231A3DA6002CAACD /* Offer.swift */ = {isa = PBXFileReference; lastKnownFileType = sourcecode.swift; path = Offer.swift; sourceTree = "<group>"; };
		46EA1A35231A3DB4002CAACD /* Location.swift */ = {isa = PBXFileReference; lastKnownFileType = sourcecode.swift; path = Location.swift; sourceTree = "<group>"; };
		46EA1A37231A3DC3002CAACD /* Shift.swift */ = {isa = PBXFileReference; lastKnownFileType = sourcecode.swift; path = Shift.swift; sourceTree = "<group>"; };
		46EA1A39231A3DD2002CAACD /* PricingTable.swift */ = {isa = PBXFileReference; lastKnownFileType = sourcecode.swift; path = PricingTable.swift; sourceTree = "<group>"; };
		46EA1A3B231A3DE0002CAACD /* BreakType.swift */ = {isa = PBXFileReference; lastKnownFileType = sourcecode.swift; path = BreakType.swift; sourceTree = "<group>"; };
		46EA1A3D231A3E41002CAACD /* Request.swift */ = {isa = PBXFileReference; lastKnownFileType = sourcecode.swift; path = Request.swift; sourceTree = "<group>"; };
		46EA1A3F231A3E91002CAACD /* Response.swift */ = {isa = PBXFileReference; lastKnownFileType = sourcecode.swift; path = Response.swift; sourceTree = "<group>"; };
		46EA1A41231A3EA8002CAACD /* Environment.swift */ = {isa = PBXFileReference; lastKnownFileType = sourcecode.swift; path = Environment.swift; sourceTree = "<group>"; };
		46EA1A43231A3EC8002CAACD /* Dispatcher.swift */ = {isa = PBXFileReference; lastKnownFileType = sourcecode.swift; path = Dispatcher.swift; sourceTree = "<group>"; };
		46EA1A45231A3EE0002CAACD /* Operation.swift */ = {isa = PBXFileReference; lastKnownFileType = sourcecode.swift; path = Operation.swift; sourceTree = "<group>"; };
		46EA1A47231A3F3E002CAACD /* NetworkDispatcher.swift */ = {isa = PBXFileReference; lastKnownFileType = sourcecode.swift; path = NetworkDispatcher.swift; sourceTree = "<group>"; };
		46EA1A52231A4325002CAACD /* UserRequests.swift */ = {isa = PBXFileReference; lastKnownFileType = sourcecode.swift; path = UserRequests.swift; sourceTree = "<group>"; };
		46EA1A54231A4338002CAACD /* LoginTask.swift */ = {isa = PBXFileReference; lastKnownFileType = sourcecode.swift; path = LoginTask.swift; sourceTree = "<group>"; };
		46EA1A56231A4353002CAACD /* OfferRequests.swift */ = {isa = PBXFileReference; lastKnownFileType = sourcecode.swift; path = OfferRequests.swift; sourceTree = "<group>"; };
		46EA1A58231A4367002CAACD /* GetOffersTask.swift */ = {isa = PBXFileReference; lastKnownFileType = sourcecode.swift; path = GetOffersTask.swift; sourceTree = "<group>"; };
		46EA1A5A231A438B002CAACD /* GetOfferTask.swift */ = {isa = PBXFileReference; lastKnownFileType = sourcecode.swift; path = GetOfferTask.swift; sourceTree = "<group>"; };
/* End PBXFileReference section */

/* Begin PBXFrameworksBuildPhase section */
		46EA19F3231A257D002CAACD /* Frameworks */ = {
			isa = PBXFrameworksBuildPhase;
			buildActionMask = 2147483647;
			files = (
			);
			runOnlyForDeploymentPostprocessing = 0;
		};
		46EA1A07231A257E002CAACD /* Frameworks */ = {
			isa = PBXFrameworksBuildPhase;
			buildActionMask = 2147483647;
			files = (
			);
			runOnlyForDeploymentPostprocessing = 0;
		};
		46EA1A12231A257E002CAACD /* Frameworks */ = {
			isa = PBXFrameworksBuildPhase;
			buildActionMask = 2147483647;
			files = (
			);
			runOnlyForDeploymentPostprocessing = 0;
		};
/* End PBXFrameworksBuildPhase section */

/* Begin PBXGroup section */
		46EA19ED231A257D002CAACD = {
			isa = PBXGroup;
			children = (
				46EA19F8231A257D002CAACD /* Zenjob */,
				46EA1A0D231A257E002CAACD /* ZenjobTests */,
				46EA1A18231A257E002CAACD /* ZenjobUITests */,
				46EA19F7231A257D002CAACD /* Products */,
			);
			sourceTree = "<group>";
		};
		46EA19F7231A257D002CAACD /* Products */ = {
			isa = PBXGroup;
			children = (
				46EA19F6231A257D002CAACD /* Zenjob.app */,
				46EA1A0A231A257E002CAACD /* ZenjobTests.xctest */,
				46EA1A15231A257E002CAACD /* ZenjobUITests.xctest */,
			);
			name = Products;
			sourceTree = "<group>";
		};
		46EA19F8231A257D002CAACD /* Zenjob */ = {
			isa = PBXGroup;
			children = (
				46EA1A30231A3D40002CAACD /* View */,
				46EA1A2E231A3D34002CAACD /* Model */,
				46EA1A2F231A3D3B002CAACD /* Network */,
				46EA19F9231A257D002CAACD /* AppDelegate.swift */,
				46EA1A00231A257D002CAACD /* Assets.xcassets */,
				46EA1A02231A257D002CAACD /* LaunchScreen.storyboard */,
				46EA1A05231A257D002CAACD /* Info.plist */,
			);
			path = Zenjob;
			sourceTree = "<group>";
		};
		46EA1A0D231A257E002CAACD /* ZenjobTests */ = {
			isa = PBXGroup;
			children = (
				46EA1A0E231A257E002CAACD /* ZenjobTests.swift */,
				46EA1A10231A257E002CAACD /* Info.plist */,
			);
			path = ZenjobTests;
			sourceTree = "<group>";
		};
		46EA1A18231A257E002CAACD /* ZenjobUITests */ = {
			isa = PBXGroup;
			children = (
				46EA1A19231A257E002CAACD /* ZenjobUITests.swift */,
				46EA1A1B231A257E002CAACD /* Info.plist */,
			);
			path = ZenjobUITests;
			sourceTree = "<group>";
		};
		46EA1A2E231A3D34002CAACD /* Model */ = {
			isa = PBXGroup;
			children = (
				46EA1A31231A3D75002CAACD /* User.swift */,
				46EA1A33231A3DA6002CAACD /* Offer.swift */,
				46EA1A35231A3DB4002CAACD /* Location.swift */,
				46EA1A37231A3DC3002CAACD /* Shift.swift */,
				46EA1A39231A3DD2002CAACD /* PricingTable.swift */,
				46EA1A3B231A3DE0002CAACD /* BreakType.swift */,
			);
			path = Model;
			sourceTree = "<group>";
		};
		46EA1A2F231A3D3B002CAACD /* Network */ = {
			isa = PBXGroup;
			children = (
				46EA1A51231A431A002CAACD /* User */,
				46EA1A50231A4312002CAACD /* Offer */,
				46EA1A3D231A3E41002CAACD /* Request.swift */,
				46EA1A3F231A3E91002CAACD /* Response.swift */,
				46EA1A41231A3EA8002CAACD /* Environment.swift */,
				46EA1A43231A3EC8002CAACD /* Dispatcher.swift */,
				46EA1A45231A3EE0002CAACD /* Operation.swift */,
				46EA1A47231A3F3E002CAACD /* NetworkDispatcher.swift */,
			);
			path = Network;
			sourceTree = "<group>";
		};
		46EA1A30231A3D40002CAACD /* View */ = {
			isa = PBXGroup;
			children = (
			);
			path = View;
			sourceTree = "<group>";
		};
		46EA1A50231A4312002CAACD /* Offer */ = {
			isa = PBXGroup;
			children = (
				46EA1A56231A4353002CAACD /* OfferRequests.swift */,
				46EA1A58231A4367002CAACD /* GetOffersTask.swift */,
				46EA1A5A231A438B002CAACD /* GetOfferTask.swift */,
			);
			path = Offer;
			sourceTree = "<group>";
		};
		46EA1A51231A431A002CAACD /* User */ = {
			isa = PBXGroup;
			children = (
				46EA1A52231A4325002CAACD /* UserRequests.swift */,
				46EA1A54231A4338002CAACD /* LoginTask.swift */,
			);
			path = User;
			sourceTree = "<group>";
		};
/* End PBXGroup section */

/* Begin PBXNativeTarget section */
		46EA19F5231A257D002CAACD /* Zenjob */ = {
			isa = PBXNativeTarget;
			buildConfigurationList = 46EA1A1E231A257E002CAACD /* Build configuration list for PBXNativeTarget "Zenjob" */;
			buildPhases = (
				46EA19F2231A257D002CAACD /* Sources */,
				46EA19F3231A257D002CAACD /* Frameworks */,
				46EA19F4231A257D002CAACD /* Resources */,
			);
			buildRules = (
			);
			dependencies = (
			);
			name = Zenjob;
			productName = Zenjob;
			productReference = 46EA19F6231A257D002CAACD /* Zenjob.app */;
			productType = "com.apple.product-type.application";
		};
		46EA1A09231A257E002CAACD /* ZenjobTests */ = {
			isa = PBXNativeTarget;
			buildConfigurationList = 46EA1A21231A257E002CAACD /* Build configuration list for PBXNativeTarget "ZenjobTests" */;
			buildPhases = (
				46EA1A06231A257E002CAACD /* Sources */,
				46EA1A07231A257E002CAACD /* Frameworks */,
				46EA1A08231A257E002CAACD /* Resources */,
			);
			buildRules = (
			);
			dependencies = (
				46EA1A0C231A257E002CAACD /* PBXTargetDependency */,
			);
			name = ZenjobTests;
			productName = ZenjobTests;
			productReference = 46EA1A0A231A257E002CAACD /* ZenjobTests.xctest */;
			productType = "com.apple.product-type.bundle.unit-test";
		};
		46EA1A14231A257E002CAACD /* ZenjobUITests */ = {
			isa = PBXNativeTarget;
			buildConfigurationList = 46EA1A24231A257E002CAACD /* Build configuration list for PBXNativeTarget "ZenjobUITests" */;
			buildPhases = (
				46EA1A11231A257E002CAACD /* Sources */,
				46EA1A12231A257E002CAACD /* Frameworks */,
				46EA1A13231A257E002CAACD /* Resources */,
			);
			buildRules = (
			);
			dependencies = (
				46EA1A17231A257E002CAACD /* PBXTargetDependency */,
			);
			name = ZenjobUITests;
			productName = ZenjobUITests;
			productReference = 46EA1A15231A257E002CAACD /* ZenjobUITests.xctest */;
			productType = "com.apple.product-type.bundle.ui-testing";
		};
/* End PBXNativeTarget section */

/* Begin PBXProject section */
		46EA19EE231A257D002CAACD /* Project object */ = {
			isa = PBXProject;
			attributes = {
				LastSwiftUpdateCheck = 1020;
				LastUpgradeCheck = 1020;
				ORGANIZATIONNAME = Awwad;
				TargetAttributes = {
					46EA19F5231A257D002CAACD = {
						CreatedOnToolsVersion = 10.2.1;
					};
					46EA1A09231A257E002CAACD = {
						CreatedOnToolsVersion = 10.2.1;
						TestTargetID = 46EA19F5231A257D002CAACD;
					};
					46EA1A14231A257E002CAACD = {
						CreatedOnToolsVersion = 10.2.1;
						TestTargetID = 46EA19F5231A257D002CAACD;
					};
				};
			};
			buildConfigurationList = 46EA19F1231A257D002CAACD /* Build configuration list for PBXProject "Zenjob" */;
			compatibilityVersion = "Xcode 9.3";
			developmentRegion = en;
			hasScannedForEncodings = 0;
			knownRegions = (
				en,
				Base,
			);
			mainGroup = 46EA19ED231A257D002CAACD;
			productRefGroup = 46EA19F7231A257D002CAACD /* Products */;
			projectDirPath = "";
			projectRoot = "";
			targets = (
				46EA19F5231A257D002CAACD /* Zenjob */,
				46EA1A09231A257E002CAACD /* ZenjobTests */,
				46EA1A14231A257E002CAACD /* ZenjobUITests */,
			);
		};
/* End PBXProject section */

/* Begin PBXResourcesBuildPhase section */
		46EA19F4231A257D002CAACD /* Resources */ = {
			isa = PBXResourcesBuildPhase;
			buildActionMask = 2147483647;
			files = (
				46EA1A04231A257D002CAACD /* LaunchScreen.storyboard in Resources */,
				46EA1A01231A257D002CAACD /* Assets.xcassets in Resources */,
			);
			runOnlyForDeploymentPostprocessing = 0;
		};
		46EA1A08231A257E002CAACD /* Resources */ = {
			isa = PBXResourcesBuildPhase;
			buildActionMask = 2147483647;
			files = (
			);
			runOnlyForDeploymentPostprocessing = 0;
		};
		46EA1A13231A257E002CAACD /* Resources */ = {
			isa = PBXResourcesBuildPhase;
			buildActionMask = 2147483647;
			files = (
			);
			runOnlyForDeploymentPostprocessing = 0;
		};
/* End PBXResourcesBuildPhase section */

/* Begin PBXSourcesBuildPhase section */
		46EA19F2231A257D002CAACD /* Sources */ = {
			isa = PBXSourcesBuildPhase;
			buildActionMask = 2147483647;
			files = (
				46EA1A34231A3DA6002CAACD /* Offer.swift in Sources */,
				46EA1A59231A4367002CAACD /* GetOffersTask.swift in Sources */,
				46EA1A3E231A3E41002CAACD /* Request.swift in Sources */,
				46EA1A3C231A3DE0002CAACD /* BreakType.swift in Sources */,
				46EA1A32231A3D75002CAACD /* User.swift in Sources */,
				46EA1A40231A3E91002CAACD /* Response.swift in Sources */,
				46EA1A36231A3DB4002CAACD /* Location.swift in Sources */,
				46EA1A55231A4338002CAACD /* LoginTask.swift in Sources */,
				46EA19FA231A257D002CAACD /* AppDelegate.swift in Sources */,
				46EA1A44231A3EC8002CAACD /* Dispatcher.swift in Sources */,
				46EA1A53231A4325002CAACD /* UserRequests.swift in Sources */,
				46EA1A38231A3DC3002CAACD /* Shift.swift in Sources */,
				46EA1A3A231A3DD2002CAACD /* PricingTable.swift in Sources */,
				46EA1A57231A4353002CAACD /* OfferRequests.swift in Sources */,
				46EA1A5B231A438B002CAACD /* GetOfferTask.swift in Sources */,
				46EA1A42231A3EA8002CAACD /* Environment.swift in Sources */,
				46EA1A46231A3EE0002CAACD /* Operation.swift in Sources */,
				46EA1A48231A3F3E002CAACD /* NetworkDispatcher.swift in Sources */,
			);
			runOnlyForDeploymentPostprocessing = 0;
		};
		46EA1A06231A257E002CAACD /* Sources */ = {
			isa = PBXSourcesBuildPhase;
			buildActionMask = 2147483647;
			files = (
				46EA1A0F231A257E002CAACD /* ZenjobTests.swift in Sources */,
			);
			runOnlyForDeploymentPostprocessing = 0;
		};
		46EA1A11231A257E002CAACD /* Sources */ = {
			isa = PBXSourcesBuildPhase;
			buildActionMask = 2147483647;
			files = (
				46EA1A1A231A257E002CAACD /* ZenjobUITests.swift in Sources */,
			);
			runOnlyForDeploymentPostprocessing = 0;
		};
/* End PBXSourcesBuildPhase section */

/* Begin PBXTargetDependency section */
		46EA1A0C231A257E002CAACD /* PBXTargetDependency */ = {
			isa = PBXTargetDependency;
			target = 46EA19F5231A257D002CAACD /* Zenjob */;
			targetProxy = 46EA1A0B231A257E002CAACD /* PBXContainerItemProxy */;
		};
		46EA1A17231A257E002CAACD /* PBXTargetDependency */ = {
			isa = PBXTargetDependency;
			target = 46EA19F5231A257D002CAACD /* Zenjob */;
			targetProxy = 46EA1A16231A257E002CAACD /* PBXContainerItemProxy */;
		};
/* End PBXTargetDependency section */

/* Begin PBXVariantGroup section */
		46EA1A02231A257D002CAACD /* LaunchScreen.storyboard */ = {
			isa = PBXVariantGroup;
			children = (
				46EA1A03231A257D002CAACD /* Base */,
			);
			name = LaunchScreen.storyboard;
			sourceTree = "<group>";
		};
/* End PBXVariantGroup section */

/* Begin XCBuildConfiguration section */
		46EA1A1C231A257E002CAACD /* Debug */ = {
			isa = XCBuildConfiguration;
			buildSettings = {
				ALWAYS_SEARCH_USER_PATHS = NO;
				CLANG_ANALYZER_NONNULL = YES;
				CLANG_ANALYZER_NUMBER_OBJECT_CONVERSION = YES_AGGRESSIVE;
				CLANG_CXX_LANGUAGE_STANDARD = "gnu++14";
				CLANG_CXX_LIBRARY = "libc++";
				CLANG_ENABLE_MODULES = YES;
				CLANG_ENABLE_OBJC_ARC = YES;
				CLANG_ENABLE_OBJC_WEAK = YES;
				CLANG_WARN_BLOCK_CAPTURE_AUTORELEASING = YES;
				CLANG_WARN_BOOL_CONVERSION = YES;
				CLANG_WARN_COMMA = YES;
				CLANG_WARN_CONSTANT_CONVERSION = YES;
				CLANG_WARN_DEPRECATED_OBJC_IMPLEMENTATIONS = YES;
				CLANG_WARN_DIRECT_OBJC_ISA_USAGE = YES_ERROR;
				CLANG_WARN_DOCUMENTATION_COMMENTS = YES;
				CLANG_WARN_EMPTY_BODY = YES;
				CLANG_WARN_ENUM_CONVERSION = YES;
				CLANG_WARN_INFINITE_RECURSION = YES;
				CLANG_WARN_INT_CONVERSION = YES;
				CLANG_WARN_NON_LITERAL_NULL_CONVERSION = YES;
				CLANG_WARN_OBJC_IMPLICIT_RETAIN_SELF = YES;
				CLANG_WARN_OBJC_LITERAL_CONVERSION = YES;
				CLANG_WARN_OBJC_ROOT_CLASS = YES_ERROR;
				CLANG_WARN_RANGE_LOOP_ANALYSIS = YES;
				CLANG_WARN_STRICT_PROTOTYPES = YES;
				CLANG_WARN_SUSPICIOUS_MOVE = YES;
				CLANG_WARN_UNGUARDED_AVAILABILITY = YES_AGGRESSIVE;
				CLANG_WARN_UNREACHABLE_CODE = YES;
				CLANG_WARN__DUPLICATE_METHOD_MATCH = YES;
				CODE_SIGN_IDENTITY = "iPhone Developer";
				COPY_PHASE_STRIP = NO;
				DEBUG_INFORMATION_FORMAT = dwarf;
				ENABLE_STRICT_OBJC_MSGSEND = YES;
				ENABLE_TESTABILITY = YES;
				GCC_C_LANGUAGE_STANDARD = gnu11;
				GCC_DYNAMIC_NO_PIC = NO;
				GCC_NO_COMMON_BLOCKS = YES;
				GCC_OPTIMIZATION_LEVEL = 0;
				GCC_PREPROCESSOR_DEFINITIONS = (
					"DEBUG=1",
					"$(inherited)",
				);
				GCC_WARN_64_TO_32_BIT_CONVERSION = YES;
				GCC_WARN_ABOUT_RETURN_TYPE = YES_ERROR;
				GCC_WARN_UNDECLARED_SELECTOR = YES;
				GCC_WARN_UNINITIALIZED_AUTOS = YES_AGGRESSIVE;
				GCC_WARN_UNUSED_FUNCTION = YES;
				GCC_WARN_UNUSED_VARIABLE = YES;
				IPHONEOS_DEPLOYMENT_TARGET = 12.2;
				MTL_ENABLE_DEBUG_INFO = INCLUDE_SOURCE;
				MTL_FAST_MATH = YES;
				ONLY_ACTIVE_ARCH = YES;
				SDKROOT = iphoneos;
				SWIFT_ACTIVE_COMPILATION_CONDITIONS = DEBUG;
				SWIFT_OPTIMIZATION_LEVEL = "-Onone";
			};
			name = Debug;
		};
		46EA1A1D231A257E002CAACD /* Release */ = {
			isa = XCBuildConfiguration;
			buildSettings = {
				ALWAYS_SEARCH_USER_PATHS = NO;
				CLANG_ANALYZER_NONNULL = YES;
				CLANG_ANALYZER_NUMBER_OBJECT_CONVERSION = YES_AGGRESSIVE;
				CLANG_CXX_LANGUAGE_STANDARD = "gnu++14";
				CLANG_CXX_LIBRARY = "libc++";
				CLANG_ENABLE_MODULES = YES;
				CLANG_ENABLE_OBJC_ARC = YES;
				CLANG_ENABLE_OBJC_WEAK = YES;
				CLANG_WARN_BLOCK_CAPTURE_AUTORELEASING = YES;
				CLANG_WARN_BOOL_CONVERSION = YES;
				CLANG_WARN_COMMA = YES;
				CLANG_WARN_CONSTANT_CONVERSION = YES;
				CLANG_WARN_DEPRECATED_OBJC_IMPLEMENTATIONS = YES;
				CLANG_WARN_DIRECT_OBJC_ISA_USAGE = YES_ERROR;
				CLANG_WARN_DOCUMENTATION_COMMENTS = YES;
				CLANG_WARN_EMPTY_BODY = YES;
				CLANG_WARN_ENUM_CONVERSION = YES;
				CLANG_WARN_INFINITE_RECURSION = YES;
				CLANG_WARN_INT_CONVERSION = YES;
				CLANG_WARN_NON_LITERAL_NULL_CONVERSION = YES;
				CLANG_WARN_OBJC_IMPLICIT_RETAIN_SELF = YES;
				CLANG_WARN_OBJC_LITERAL_CONVERSION = YES;
				CLANG_WARN_OBJC_ROOT_CLASS = YES_ERROR;
				CLANG_WARN_RANGE_LOOP_ANALYSIS = YES;
				CLANG_WARN_STRICT_PROTOTYPES = YES;
				CLANG_WARN_SUSPICIOUS_MOVE = YES;
				CLANG_WARN_UNGUARDED_AVAILABILITY = YES_AGGRESSIVE;
				CLANG_WARN_UNREACHABLE_CODE = YES;
				CLANG_WARN__DUPLICATE_METHOD_MATCH = YES;
				CODE_SIGN_IDENTITY = "iPhone Developer";
				COPY_PHASE_STRIP = NO;
				DEBUG_INFORMATION_FORMAT = "dwarf-with-dsym";
				ENABLE_NS_ASSERTIONS = NO;
				ENABLE_STRICT_OBJC_MSGSEND = YES;
				GCC_C_LANGUAGE_STANDARD = gnu11;
				GCC_NO_COMMON_BLOCKS = YES;
				GCC_WARN_64_TO_32_BIT_CONVERSION = YES;
				GCC_WARN_ABOUT_RETURN_TYPE = YES_ERROR;
				GCC_WARN_UNDECLARED_SELECTOR = YES;
				GCC_WARN_UNINITIALIZED_AUTOS = YES_AGGRESSIVE;
				GCC_WARN_UNUSED_FUNCTION = YES;
				GCC_WARN_UNUSED_VARIABLE = YES;
				IPHONEOS_DEPLOYMENT_TARGET = 12.2;
				MTL_ENABLE_DEBUG_INFO = NO;
				MTL_FAST_MATH = YES;
				SDKROOT = iphoneos;
				SWIFT_COMPILATION_MODE = wholemodule;
				SWIFT_OPTIMIZATION_LEVEL = "-O";
				VALIDATE_PRODUCT = YES;
			};
			name = Release;
		};
		46EA1A1F231A257E002CAACD /* Debug */ = {
			isa = XCBuildConfiguration;
			buildSettings = {
				ASSETCATALOG_COMPILER_APPICON_NAME = AppIcon;
				CODE_SIGN_STYLE = Automatic;
				DEVELOPMENT_TEAM = L3MJ748633;
				INFOPLIST_FILE = Zenjob/Info.plist;
				IPHONEOS_DEPLOYMENT_TARGET = 11.0;
				LD_RUNPATH_SEARCH_PATHS = (
					"$(inherited)",
					"@executable_path/Frameworks",
				);
				PRODUCT_BUNDLE_IDENTIFIER = com.awwad.Zenjob;
				PRODUCT_NAME = "$(TARGET_NAME)";
				SWIFT_VERSION = 5.0;
				TARGETED_DEVICE_FAMILY = "1,2";
			};
			name = Debug;
		};
		46EA1A20231A257E002CAACD /* Release */ = {
			isa = XCBuildConfiguration;
			buildSettings = {
				ASSETCATALOG_COMPILER_APPICON_NAME = AppIcon;
				CODE_SIGN_STYLE = Automatic;
				DEVELOPMENT_TEAM = L3MJ748633;
				INFOPLIST_FILE = Zenjob/Info.plist;
				IPHONEOS_DEPLOYMENT_TARGET = 11.0;
				LD_RUNPATH_SEARCH_PATHS = (
					"$(inherited)",
					"@executable_path/Frameworks",
				);
				PRODUCT_BUNDLE_IDENTIFIER = com.awwad.Zenjob;
				PRODUCT_NAME = "$(TARGET_NAME)";
				SWIFT_VERSION = 5.0;
				TARGETED_DEVICE_FAMILY = "1,2";
			};
			name = Release;
		};
		46EA1A22231A257E002CAACD /* Debug */ = {
			isa = XCBuildConfiguration;
			buildSettings = {
				ALWAYS_EMBED_SWIFT_STANDARD_LIBRARIES = YES;
				BUNDLE_LOADER = "$(TEST_HOST)";
				CODE_SIGN_STYLE = Automatic;
				DEVELOPMENT_TEAM = L3MJ748633;
				INFOPLIST_FILE = ZenjobTests/Info.plist;
				LD_RUNPATH_SEARCH_PATHS = (
					"$(inherited)",
					"@executable_path/Frameworks",
					"@loader_path/Frameworks",
				);
				PRODUCT_BUNDLE_IDENTIFIER = com.awwad.ZenjobTests;
				PRODUCT_NAME = "$(TARGET_NAME)";
				SWIFT_VERSION = 5.0;
				TARGETED_DEVICE_FAMILY = "1,2";
				TEST_HOST = "$(BUILT_PRODUCTS_DIR)/Zenjob.app/Zenjob";
			};
			name = Debug;
		};
		46EA1A23231A257E002CAACD /* Release */ = {
			isa = XCBuildConfiguration;
			buildSettings = {
				ALWAYS_EMBED_SWIFT_STANDARD_LIBRARIES = YES;
				BUNDLE_LOADER = "$(TEST_HOST)";
				CODE_SIGN_STYLE = Automatic;
				DEVELOPMENT_TEAM = L3MJ748633;
				INFOPLIST_FILE = ZenjobTests/Info.plist;
				LD_RUNPATH_SEARCH_PATHS = (
					"$(inherited)",
					"@executable_path/Frameworks",
					"@loader_path/Frameworks",
				);
				PRODUCT_BUNDLE_IDENTIFIER = com.awwad.ZenjobTests;
				PRODUCT_NAME = "$(TARGET_NAME)";
				SWIFT_VERSION = 5.0;
				TARGETED_DEVICE_FAMILY = "1,2";
				TEST_HOST = "$(BUILT_PRODUCTS_DIR)/Zenjob.app/Zenjob";
			};
			name = Release;
		};
		46EA1A25231A257E002CAACD /* Debug */ = {
			isa = XCBuildConfiguration;
			buildSettings = {
				ALWAYS_EMBED_SWIFT_STANDARD_LIBRARIES = YES;
				CODE_SIGN_STYLE = Automatic;
				DEVELOPMENT_TEAM = L3MJ748633;
				INFOPLIST_FILE = ZenjobUITests/Info.plist;
				LD_RUNPATH_SEARCH_PATHS = (
					"$(inherited)",
					"@executable_path/Frameworks",
					"@loader_path/Frameworks",
				);
				PRODUCT_BUNDLE_IDENTIFIER = com.awwad.ZenjobUITests;
				PRODUCT_NAME = "$(TARGET_NAME)";
				SWIFT_VERSION = 5.0;
				TARGETED_DEVICE_FAMILY = "1,2";
				TEST_TARGET_NAME = Zenjob;
			};
			name = Debug;
		};
		46EA1A26231A257E002CAACD /* Release */ = {
			isa = XCBuildConfiguration;
			buildSettings = {
				ALWAYS_EMBED_SWIFT_STANDARD_LIBRARIES = YES;
				CODE_SIGN_STYLE = Automatic;
				DEVELOPMENT_TEAM = L3MJ748633;
				INFOPLIST_FILE = ZenjobUITests/Info.plist;
				LD_RUNPATH_SEARCH_PATHS = (
					"$(inherited)",
					"@executable_path/Frameworks",
					"@loader_path/Frameworks",
				);
				PRODUCT_BUNDLE_IDENTIFIER = com.awwad.ZenjobUITests;
				PRODUCT_NAME = "$(TARGET_NAME)";
				SWIFT_VERSION = 5.0;
				TARGETED_DEVICE_FAMILY = "1,2";
				TEST_TARGET_NAME = Zenjob;
			};
			name = Release;
		};
/* End XCBuildConfiguration section */

/* Begin XCConfigurationList section */
		46EA19F1231A257D002CAACD /* Build configuration list for PBXProject "Zenjob" */ = {
			isa = XCConfigurationList;
			buildConfigurations = (
				46EA1A1C231A257E002CAACD /* Debug */,
				46EA1A1D231A257E002CAACD /* Release */,
			);
			defaultConfigurationIsVisible = 0;
			defaultConfigurationName = Release;
		};
		46EA1A1E231A257E002CAACD /* Build configuration list for PBXNativeTarget "Zenjob" */ = {
			isa = XCConfigurationList;
			buildConfigurations = (
				46EA1A1F231A257E002CAACD /* Debug */,
				46EA1A20231A257E002CAACD /* Release */,
			);
			defaultConfigurationIsVisible = 0;
			defaultConfigurationName = Release;
		};
		46EA1A21231A257E002CAACD /* Build configuration list for PBXNativeTarget "ZenjobTests" */ = {
			isa = XCConfigurationList;
			buildConfigurations = (
				46EA1A22231A257E002CAACD /* Debug */,
				46EA1A23231A257E002CAACD /* Release */,
			);
			defaultConfigurationIsVisible = 0;
			defaultConfigurationName = Release;
		};
		46EA1A24231A257E002CAACD /* Build configuration list for PBXNativeTarget "ZenjobUITests" */ = {
			isa = XCConfigurationList;
			buildConfigurations = (
				46EA1A25231A257E002CAACD /* Debug */,
				46EA1A26231A257E002CAACD /* Release */,
			);
			defaultConfigurationIsVisible = 0;
			defaultConfigurationName = Release;
		};
/* End XCConfigurationList section */
	};
	rootObject = 46EA19EE231A257D002CAACD /* Project object */;
}
